// !$*UTF8*$!
{
	archiveVersion = 1;
	classes = {
	};
	objectVersion = 51;
	objects = {

/* Begin PBXBuildFile section */
		2681A179801A2B1ABBC889D5 /* Pods_WhatsappClone.framework in Frameworks */ = {isa = PBXBuildFile; fileRef = D0F726FBD8F6CBEFC867DB82 /* Pods_WhatsappClone.framework */; };
		A102EC3E271A520E0036957B /* WhatsappCloneApp.swift in Sources */ = {isa = PBXBuildFile; fileRef = A102EC3D271A520E0036957B /* WhatsappCloneApp.swift */; };
		A102EC40271A520E0036957B /* AuthView.swift in Sources */ = {isa = PBXBuildFile; fileRef = A102EC3F271A520E0036957B /* AuthView.swift */; };
		A102EC42271A52160036957B /* Assets.xcassets in Resources */ = {isa = PBXBuildFile; fileRef = A102EC41271A52160036957B /* Assets.xcassets */; };
		A102EC45271A52160036957B /* Preview Assets.xcassets in Resources */ = {isa = PBXBuildFile; fileRef = A102EC44271A52160036957B /* Preview Assets.xcassets */; };
		A102EC4D271A53770036957B /* GoogleService-Info.plist in Resources */ = {isa = PBXBuildFile; fileRef = A102EC4C271A53770036957B /* GoogleService-Info.plist */; };
		A102EC4F271A5DA20036957B /* AppDelegate.swift in Sources */ = {isa = PBXBuildFile; fileRef = A102EC4E271A5DA20036957B /* AppDelegate.swift */; };
		A19C0EBA272623B50043D02B /* TestView.swift in Sources */ = {isa = PBXBuildFile; fileRef = A19C0EB9272623B50043D02B /* TestView.swift */; };
		A19C0EBC272629360043D02B /* UserModal.swift in Sources */ = {isa = PBXBuildFile; fileRef = A19C0EBB272629360043D02B /* UserModal.swift */; };
		A19C0EBE272629CC0043D02B /* UserStore.swift in Sources */ = {isa = PBXBuildFile; fileRef = A19C0EBD272629CC0043D02B /* UserStore.swift */; };
		A1A7BC3D2728E420003EFBEC /* ChatView.swift in Sources */ = {isa = PBXBuildFile; fileRef = A1A7BC3C2728E420003EFBEC /* ChatView.swift */; };
/* End PBXBuildFile section */

/* Begin PBXFileReference section */
		953C94C1046353095B95D6A0 /* Pods-WhatsappClone.debug.xcconfig */ = {isa = PBXFileReference; includeInIndex = 1; lastKnownFileType = text.xcconfig; name = "Pods-WhatsappClone.debug.xcconfig"; path = "Target Support Files/Pods-WhatsappClone/Pods-WhatsappClone.debug.xcconfig"; sourceTree = "<group>"; };
		A102EC3A271A520E0036957B /* WhatsappClone.app */ = {isa = PBXFileReference; explicitFileType = wrapper.application; includeInIndex = 0; path = WhatsappClone.app; sourceTree = BUILT_PRODUCTS_DIR; };
		A102EC3D271A520E0036957B /* WhatsappCloneApp.swift */ = {isa = PBXFileReference; lastKnownFileType = sourcecode.swift; path = WhatsappCloneApp.swift; sourceTree = "<group>"; };
		A102EC3F271A520E0036957B /* AuthView.swift */ = {isa = PBXFileReference; lastKnownFileType = sourcecode.swift; path = AuthView.swift; sourceTree = "<group>"; };
		A102EC41271A52160036957B /* Assets.xcassets */ = {isa = PBXFileReference; lastKnownFileType = folder.assetcatalog; path = Assets.xcassets; sourceTree = "<group>"; };
		A102EC44271A52160036957B /* Preview Assets.xcassets */ = {isa = PBXFileReference; lastKnownFileType = folder.assetcatalog; path = "Preview Assets.xcassets"; sourceTree = "<group>"; };
		A102EC46271A52160036957B /* Info.plist */ = {isa = PBXFileReference; lastKnownFileType = text.plist.xml; path = Info.plist; sourceTree = "<group>"; };
		A102EC4C271A53770036957B /* GoogleService-Info.plist */ = {isa = PBXFileReference; fileEncoding = 4; lastKnownFileType = text.plist.xml; path = "GoogleService-Info.plist"; sourceTree = "<group>"; };
		A102EC4E271A5DA20036957B /* AppDelegate.swift */ = {isa = PBXFileReference; lastKnownFileType = sourcecode.swift; path = AppDelegate.swift; sourceTree = "<group>"; };
		A19C0EB9272623B50043D02B /* TestView.swift */ = {isa = PBXFileReference; lastKnownFileType = sourcecode.swift; path = TestView.swift; sourceTree = "<group>"; };
		A19C0EBB272629360043D02B /* UserModal.swift */ = {isa = PBXFileReference; lastKnownFileType = sourcecode.swift; path = UserModal.swift; sourceTree = "<group>"; };
		A19C0EBD272629CC0043D02B /* UserStore.swift */ = {isa = PBXFileReference; lastKnownFileType = sourcecode.swift; path = UserStore.swift; sourceTree = "<group>"; };
		A1A7BC3C2728E420003EFBEC /* ChatView.swift */ = {isa = PBXFileReference; lastKnownFileType = sourcecode.swift; path = ChatView.swift; sourceTree = "<group>"; };
		A3ADFEB2AA1D9104316C8344 /* Pods-WhatsappClone.release.xcconfig */ = {isa = PBXFileReference; includeInIndex = 1; lastKnownFileType = text.xcconfig; name = "Pods-WhatsappClone.release.xcconfig"; path = "Target Support Files/Pods-WhatsappClone/Pods-WhatsappClone.release.xcconfig"; sourceTree = "<group>"; };
		D0F726FBD8F6CBEFC867DB82 /* Pods_WhatsappClone.framework */ = {isa = PBXFileReference; explicitFileType = wrapper.framework; includeInIndex = 0; path = Pods_WhatsappClone.framework; sourceTree = BUILT_PRODUCTS_DIR; };
/* End PBXFileReference section */

/* Begin PBXFrameworksBuildPhase section */
		A102EC37271A520E0036957B /* Frameworks */ = {
			isa = PBXFrameworksBuildPhase;
			buildActionMask = 2147483647;
			files = (
				2681A179801A2B1ABBC889D5 /* Pods_WhatsappClone.framework in Frameworks */,
			);
			runOnlyForDeploymentPostprocessing = 0;
		};
/* End PBXFrameworksBuildPhase section */

/* Begin PBXGroup section */
		3CD02D7DF32B70375F0E8433 /* Frameworks */ = {
			isa = PBXGroup;
			children = (
				D0F726FBD8F6CBEFC867DB82 /* Pods_WhatsappClone.framework */,
			);
			name = Frameworks;
			sourceTree = "<group>";
		};
		6DAFC6AC8702041CDB510CAA /* Pods */ = {
			isa = PBXGroup;
			children = (
				953C94C1046353095B95D6A0 /* Pods-WhatsappClone.debug.xcconfig */,
				A3ADFEB2AA1D9104316C8344 /* Pods-WhatsappClone.release.xcconfig */,
			);
			path = Pods;
			sourceTree = "<group>";
		};
		A102EC31271A520E0036957B = {
			isa = PBXGroup;
			children = (
				A102EC3C271A520E0036957B /* WhatsappClone */,
				A102EC3B271A520E0036957B /* Products */,
				6DAFC6AC8702041CDB510CAA /* Pods */,
				3CD02D7DF32B70375F0E8433 /* Frameworks */,
			);
			sourceTree = "<group>";
		};
		A102EC3B271A520E0036957B /* Products */ = {
			isa = PBXGroup;
			children = (
				A102EC3A271A520E0036957B /* WhatsappClone.app */,
			);
			name = Products;
			sourceTree = "<group>";
		};
		A102EC3C271A520E0036957B /* WhatsappClone */ = {
			isa = PBXGroup;
			children = (
				A102EC3D271A520E0036957B /* WhatsappCloneApp.swift */,
				A102EC3F271A520E0036957B /* AuthView.swift */,
				A1A7BC3C2728E420003EFBEC /* ChatView.swift */,
				A19C0EBB272629360043D02B /* UserModal.swift */,
				A19C0EBD272629CC0043D02B /* UserStore.swift */,
				A19C0EB9272623B50043D02B /* TestView.swift */,
				A102EC4E271A5DA20036957B /* AppDelegate.swift */,
				A102EC41271A52160036957B /* Assets.xcassets */,
				A102EC46271A52160036957B /* Info.plist */,
				A102EC4C271A53770036957B /* GoogleService-Info.plist */,
				A102EC43271A52160036957B /* Preview Content */,
			);
			path = WhatsappClone;
			sourceTree = "<group>";
		};
		A102EC43271A52160036957B /* Preview Content */ = {
			isa = PBXGroup;
			children = (
				A102EC44271A52160036957B /* Preview Assets.xcassets */,
			);
			path = "Preview Content";
			sourceTree = "<group>";
		};
/* End PBXGroup section */

/* Begin PBXNativeTarget section */
		A102EC39271A520E0036957B /* WhatsappClone */ = {
			isa = PBXNativeTarget;
			buildConfigurationList = A102EC49271A52160036957B /* Build configuration list for PBXNativeTarget "WhatsappClone" */;
			buildPhases = (
				F491AF2882EFEDC641A5B273 /* [CP] Check Pods Manifest.lock */,
				A102EC36271A520E0036957B /* Sources */,
				A102EC37271A520E0036957B /* Frameworks */,
				A102EC38271A520E0036957B /* Resources */,
				95C234428697827148CC2009 /* [CP] Embed Pods Frameworks */,
			);
			buildRules = (
			);
			dependencies = (
			);
			name = WhatsappClone;
			productName = WhatsappClone;
			productReference = A102EC3A271A520E0036957B /* WhatsappClone.app */;
			productType = "com.apple.product-type.application";
		};
/* End PBXNativeTarget section */

/* Begin PBXProject section */
		A102EC32271A520E0036957B /* Project object */ = {
			isa = PBXProject;
			attributes = {
				LastSwiftUpdateCheck = 1250;
				LastUpgradeCheck = 1250;
				TargetAttributes = {
					A102EC39271A520E0036957B = {
						CreatedOnToolsVersion = 12.5.1;
					};
				};
			};
			buildConfigurationList = A102EC35271A520E0036957B /* Build configuration list for PBXProject "WhatsappClone" */;
			compatibilityVersion = "Xcode 9.3";
			developmentRegion = en;
			hasScannedForEncodings = 0;
			knownRegions = (
				en,
				Base,
			);
			mainGroup = A102EC31271A520E0036957B;
			productRefGroup = A102EC3B271A520E0036957B /* Products */;
			projectDirPath = "";
			projectRoot = "";
			targets = (
				A102EC39271A520E0036957B /* WhatsappClone */,
			);
		};
/* End PBXProject section */

/* Begin PBXResourcesBuildPhase section */
		A102EC38271A520E0036957B /* Resources */ = {
			isa = PBXResourcesBuildPhase;
			buildActionMask = 2147483647;
			files = (
				A102EC45271A52160036957B /* Preview Assets.xcassets in Resources */,
				A102EC42271A52160036957B /* Assets.xcassets in Resources */,
				A102EC4D271A53770036957B /* GoogleService-Info.plist in Resources */,
			);
			runOnlyForDeploymentPostprocessing = 0;
		};
/* End PBXResourcesBuildPhase section */

/* Begin PBXShellScriptBuildPhase section */
		95C234428697827148CC2009 /* [CP] Embed Pods Frameworks */ = {
			isa = PBXShellScriptBuildPhase;
			buildActionMask = 2147483647;
			files = (
			);
			inputFileListPaths = (
				"${PODS_ROOT}/Target Support Files/Pods-WhatsappClone/Pods-WhatsappClone-frameworks-${CONFIGURATION}-input-files.xcfilelist",
			);
			name = "[CP] Embed Pods Frameworks";
			outputFileListPaths = (
				"${PODS_ROOT}/Target Support Files/Pods-WhatsappClone/Pods-WhatsappClone-frameworks-${CONFIGURATION}-output-files.xcfilelist",
			);
			runOnlyForDeploymentPostprocessing = 0;
			shellPath = /bin/sh;
			shellScript = "\"${PODS_ROOT}/Target Support Files/Pods-WhatsappClone/Pods-WhatsappClone-frameworks.sh\"\n";
			showEnvVarsInLog = 0;
		};
		F491AF2882EFEDC641A5B273 /* [CP] Check Pods Manifest.lock */ = {
			isa = PBXShellScriptBuildPhase;
			buildActionMask = 2147483647;
			files = (
			);
			inputFileListPaths = (
			);
			inputPaths = (
				"${PODS_PODFILE_DIR_PATH}/Podfile.lock",
				"${PODS_ROOT}/Manifest.lock",
			);
			name = "[CP] Check Pods Manifest.lock";
			outputFileListPaths = (
			);
			outputPaths = (
				"$(DERIVED_FILE_DIR)/Pods-WhatsappClone-checkManifestLockResult.txt",
			);
			runOnlyForDeploymentPostprocessing = 0;
			shellPath = /bin/sh;
			shellScript = "diff \"${PODS_PODFILE_DIR_PATH}/Podfile.lock\" \"${PODS_ROOT}/Manifest.lock\" > /dev/null\nif [ $? != 0 ] ; then\n    # print error to STDERR\n    echo \"error: The sandbox is not in sync with the Podfile.lock. Run 'pod install' or update your CocoaPods installation.\" >&2\n    exit 1\nfi\n# This output is used by Xcode 'outputs' to avoid re-running this script phase.\necho \"SUCCESS\" > \"${SCRIPT_OUTPUT_FILE_0}\"\n";
			showEnvVarsInLog = 0;
		};
/* End PBXShellScriptBuildPhase section */

/* Begin PBXSourcesBuildPhase section */
		A102EC36271A520E0036957B /* Sources */ = {
			isa = PBXSourcesBuildPhase;
			buildActionMask = 2147483647;
			files = (
				A19C0EBE272629CC0043D02B /* UserStore.swift in Sources */,
				A19C0EBA272623B50043D02B /* TestView.swift in Sources */,
				A19C0EBC272629360043D02B /* UserModal.swift in Sources */,
				A102EC4F271A5DA20036957B /* AppDelegate.swift in Sources */,
				A1A7BC3D2728E420003EFBEC /* ChatView.swift in Sources */,
				A102EC40271A520E0036957B /* AuthView.swift in Sources */,
				A102EC3E271A520E0036957B /* WhatsappCloneApp.swift in Sources */,
			);
			runOnlyForDeploymentPostprocessing = 0;
		};
/* End PBXSourcesBuildPhase section */

/* Begin XCBuildConfiguration section */
		A102EC47271A52160036957B /* Debug */ = {
			isa = XCBuildConfiguration;
			buildSettings = {
				ALWAYS_SEARCH_USER_PATHS = NO;
				CLANG_ANALYZER_NONNULL = YES;
				CLANG_ANALYZER_NUMBER_OBJECT_CONVERSION = YES_AGGRESSIVE;
				CLANG_CXX_LANGUAGE_STANDARD = "gnu++14";
				CLANG_CXX_LIBRARY = "libc++";
				CLANG_ENABLE_MODULES = YES;
				CLANG_ENABLE_OBJC_ARC = YES;
				CLANG_ENABLE_OBJC_WEAK = YES;
				CLANG_WARN_BLOCK_CAPTURE_AUTORELEASING = YES;
				CLANG_WARN_BOOL_CONVERSION = YES;
				CLANG_WARN_COMMA = YES;
				CLANG_WARN_CONSTANT_CONVERSION = YES;
				CLANG_WARN_DEPRECATED_OBJC_IMPLEMENTATIONS = YES;
				CLANG_WARN_DIRECT_OBJC_ISA_USAGE = YES_ERROR;
				CLANG_WARN_DOCUMENTATION_COMMENTS = YES;
				CLANG_WARN_EMPTY_BODY = YES;
				CLANG_WARN_ENUM_CONVERSION = YES;
				CLANG_WARN_INFINITE_RECURSION = YES;
				CLANG_WARN_INT_CONVERSION = YES;
				CLANG_WARN_NON_LITERAL_NULL_CONVERSION = YES;
				CLANG_WARN_OBJC_IMPLICIT_RETAIN_SELF = YES;
				CLANG_WARN_OBJC_LITERAL_CONVERSION = YES;
				CLANG_WARN_OBJC_ROOT_CLASS = YES_ERROR;
				CLANG_WARN_QUOTED_INCLUDE_IN_FRAMEWORK_HEADER = YES;
				CLANG_WARN_RANGE_LOOP_ANALYSIS = YES;
				CLANG_WARN_STRICT_PROTOTYPES = YES;
				CLANG_WARN_SUSPICIOUS_MOVE = YES;
				CLANG_WARN_UNGUARDED_AVAILABILITY = YES_AGGRESSIVE;
				CLANG_WARN_UNREACHABLE_CODE = YES;
				CLANG_WARN__DUPLICATE_METHOD_MATCH = YES;
				COPY_PHASE_STRIP = NO;
				DEBUG_INFORMATION_FORMAT = dwarf;
				ENABLE_STRICT_OBJC_MSGSEND = YES;
				ENABLE_TESTABILITY = YES;
				GCC_C_LANGUAGE_STANDARD = gnu11;
				GCC_DYNAMIC_NO_PIC = NO;
				GCC_NO_COMMON_BLOCKS = YES;
				GCC_OPTIMIZATION_LEVEL = 0;
				GCC_PREPROCESSOR_DEFINITIONS = (
					"DEBUG=1",
					"$(inherited)",
				);
				GCC_WARN_64_TO_32_BIT_CONVERSION = YES;
				GCC_WARN_ABOUT_RETURN_TYPE = YES_ERROR;
				GCC_WARN_UNDECLARED_SELECTOR = YES;
				GCC_WARN_UNINITIALIZED_AUTOS = YES_AGGRESSIVE;
				GCC_WARN_UNUSED_FUNCTION = YES;
				GCC_WARN_UNUSED_VARIABLE = YES;
				IPHONEOS_DEPLOYMENT_TARGET = 14.5;
				MTL_ENABLE_DEBUG_INFO = INCLUDE_SOURCE;
				MTL_FAST_MATH = YES;
				ONLY_ACTIVE_ARCH = YES;
				SDKROOT = iphoneos;
				SWIFT_ACTIVE_COMPILATION_CONDITIONS = DEBUG;
				SWIFT_OPTIMIZATION_LEVEL = "-Onone";
			};
			name = Debug;
		};
		A102EC48271A52160036957B /* Release */ = {
			isa = XCBuildConfiguration;
			buildSettings = {
				ALWAYS_SEARCH_USER_PATHS = NO;
				CLANG_ANALYZER_NONNULL = YES;
				CLANG_ANALYZER_NUMBER_OBJECT_CONVERSION = YES_AGGRESSIVE;
				CLANG_CXX_LANGUAGE_STANDARD = "gnu++14";
				CLANG_CXX_LIBRARY = "libc++";
				CLANG_ENABLE_MODULES = YES;
				CLANG_ENABLE_OBJC_ARC = YES;
				CLANG_ENABLE_OBJC_WEAK = YES;
				CLANG_WARN_BLOCK_CAPTURE_AUTORELEASING = YES;
				CLANG_WARN_BOOL_CONVERSION = YES;
				CLANG_WARN_COMMA = YES;
				CLANG_WARN_CONSTANT_CONVERSION = YES;
				CLANG_WARN_DEPRECATED_OBJC_IMPLEMENTATIONS = YES;
				CLANG_WARN_DIRECT_OBJC_ISA_USAGE = YES_ERROR;
				CLANG_WARN_DOCUMENTATION_COMMENTS = YES;
				CLANG_WARN_EMPTY_BODY = YES;
				CLANG_WARN_ENUM_CONVERSION = YES;
				CLANG_WARN_INFINITE_RECURSION = YES;
				CLANG_WARN_INT_CONVERSION = YES;
				CLANG_WARN_NON_LITERAL_NULL_CONVERSION = YES;
				CLANG_WARN_OBJC_IMPLICIT_RETAIN_SELF = YES;
				CLANG_WARN_OBJC_LITERAL_CONVERSION = YES;
				CLANG_WARN_OBJC_ROOT_CLASS = YES_ERROR;
				CLANG_WARN_QUOTED_INCLUDE_IN_FRAMEWORK_HEADER = YES;
				CLANG_WARN_RANGE_LOOP_ANALYSIS = YES;
				CLANG_WARN_STRICT_PROTOTYPES = YES;
				CLANG_WARN_SUSPICIOUS_MOVE = YES;
				CLANG_WARN_UNGUARDED_AVAILABILITY = YES_AGGRESSIVE;
				CLANG_WARN_UNREACHABLE_CODE = YES;
				CLANG_WARN__DUPLICATE_METHOD_MATCH = YES;
				COPY_PHASE_STRIP = NO;
				DEBUG_INFORMATION_FORMAT = "dwarf-with-dsym";
				ENABLE_NS_ASSERTIONS = NO;
				ENABLE_STRICT_OBJC_MSGSEND = YES;
				GCC_C_LANGUAGE_STANDARD = gnu11;
				GCC_NO_COMMON_BLOCKS = YES;
				GCC_WARN_64_TO_32_BIT_CONVERSION = YES;
				GCC_WARN_ABOUT_RETURN_TYPE = YES_ERROR;
				GCC_WARN_UNDECLARED_SELECTOR = YES;
				GCC_WARN_UNINITIALIZED_AUTOS = YES_AGGRESSIVE;
				GCC_WARN_UNUSED_FUNCTION = YES;
				GCC_WARN_UNUSED_VARIABLE = YES;
				IPHONEOS_DEPLOYMENT_TARGET = 14.5;
				MTL_ENABLE_DEBUG_INFO = NO;
				MTL_FAST_MATH = YES;
				SDKROOT = iphoneos;
				SWIFT_COMPILATION_MODE = wholemodule;
				SWIFT_OPTIMIZATION_LEVEL = "-O";
				VALIDATE_PRODUCT = YES;
			};
			name = Release;
		};
		A102EC4A271A52160036957B /* Debug */ = {
			isa = XCBuildConfiguration;
			baseConfigurationReference = 953C94C1046353095B95D6A0 /* Pods-WhatsappClone.debug.xcconfig */;
			buildSettings = {
				ASSETCATALOG_COMPILER_APPICON_NAME = AppIcon;
				ASSETCATALOG_COMPILER_GLOBAL_ACCENT_COLOR_NAME = AccentColor;
				CODE_SIGN_STYLE = Automatic;
				DEVELOPMENT_ASSET_PATHS = "\"WhatsappClone/Preview Content\"";
				DEVELOPMENT_TEAM = 35KVTA4YKJ;
				ENABLE_PREVIEWS = YES;
				INFOPLIST_FILE = WhatsappClone/Info.plist;
				IPHONEOS_DEPLOYMENT_TARGET = 14.0;
				LD_RUNPATH_SEARCH_PATHS = (
					"$(inherited)",
					"@executable_path/Frameworks",
				);
				PRODUCT_BUNDLE_IDENTIFIER = selcukbaki.WhatsappClone;
				PRODUCT_NAME = "$(TARGET_NAME)";
				SWIFT_VERSION = 5.0;
				TARGETED_DEVICE_FAMILY = "1,2";
			};
			name = Debug;
		};
		A102EC4B271A52160036957B /* Release */ = {
			isa = XCBuildConfiguration;
			baseConfigurationReference = A3ADFEB2AA1D9104316C8344 /* Pods-WhatsappClone.release.xcconfig */;
			buildSettings = {
				ASSETCATALOG_COMPILER_APPICON_NAME = AppIcon;
				ASSETCATALOG_COMPILER_GLOBAL_ACCENT_COLOR_NAME = AccentColor;
				CODE_SIGN_STYLE = Automatic;
				DEVELOPMENT_ASSET_PATHS = "\"WhatsappClone/Preview Content\"";
				DEVELOPMENT_TEAM = 35KVTA4YKJ;
				ENABLE_PREVIEWS = YES;
				INFOPLIST_FILE = WhatsappClone/Info.plist;
				IPHONEOS_DEPLOYMENT_TARGET = 14.0;
				LD_RUNPATH_SEARCH_PATHS = (
					"$(inherited)",
					"@executable_path/Frameworks",
				);
				PRODUCT_BUNDLE_IDENTIFIER = selcukbaki.WhatsappClone;
				PRODUCT_NAME = "$(TARGET_NAME)";
				SWIFT_VERSION = 5.0;
				TARGETED_DEVICE_FAMILY = "1,2";
			};
			name = Release;
		};
/* End XCBuildConfiguration section */

/* Begin XCConfigurationList section */
		A102EC35271A520E0036957B /* Build configuration list for PBXProject "WhatsappClone" */ = {
			isa = XCConfigurationList;
			buildConfigurations = (
				A102EC47271A52160036957B /* Debug */,
				A102EC48271A52160036957B /* Release */,
			);
			defaultConfigurationIsVisible = 0;
			defaultConfigurationName = Release;
		};
		A102EC49271A52160036957B /* Build configuration list for PBXNativeTarget "WhatsappClone" */ = {
			isa = XCConfigurationList;
			buildConfigurations = (
				A102EC4A271A52160036957B /* Debug */,
				A102EC4B271A52160036957B /* Release */,
			);
			defaultConfigurationIsVisible = 0;
			defaultConfigurationName = Release;
		};
/* End XCConfigurationList section */
	};
	rootObject = A102EC32271A520E0036957B /* Project object */;
}
